<?xml version="1.0" encoding="UTF-8" standalone="yes" ?>
<CodeBlocks_project_file>
	<FileVersion major="1" minor="6" />
	<Project>
		<Option title="Świnka" />
		<Option pch_mode="2" />
		<Option compiler="gcc" />
		<Build>
			<Target title="Debug">
				<Option output="bin/Debug/Świnka" prefix_auto="1" extension_auto="1" />
				<Option object_output="obj/Debug/" />
				<Option type="0" />
				<Option compiler="gcc" />
				<Compiler>
					<Add option="-g" />
				</Compiler>
			</Target>
			<Target title="Release">
				<Option output="bin/Release/Świnka" prefix_auto="1" extension_auto="1" />
				<Option object_output="obj/Release/" />
				<Option type="0" />
				<Option compiler="gcc" />
				<Compiler>
					<Add option="-O2" />
				</Compiler>
				<Linker>
					<Add option="-s" />
					<Add library="sfml-graphics-s" />
					<Add library="sfml-window-s" />
					<Add library="sfml-audio-s" />
					<Add library="sfml-network-s" />
					<Add library="sfml-system-s" />
					<Add library="gdi32" />
					<Add library="winmm" />
					<Add library="freetype" />
					<Add library="opengl32" />
					<Add library="openal32" />
					<Add library="flac" />
					<Add library="vorbisenc" />
					<Add library="vorbisfile" />
					<Add library="vorbis" />
					<Add library="ogg" />
					<Add library="ws2_32" />
				</Linker>
			</Target>
		</Build>
		<Compiler>
			<Add option="-Wall" />
			<Add option="-fexceptions" />
			<Add option="-DSFML_STATIC" />
			<Add directory="C:/Users/Jakub/Documents/GitHub/Dziadek-Swinka3/Dziadek Świnia/SFML-2.5.1/include" />
		</Compiler>
		<Linker>
			<Add directory="C:/Users/Jakub/Documents/GitHub/Dziadek-Swinka3/Dziadek Świnia/SFML-2.5.1/lib" />
		</Linker>
		<Unit filename="Background.cpp">
			<Option target="Release" />
		</Unit>
		<Unit filename="Background.hpp">
			<Option target="Release" />
		</Unit>
		<Unit filename="Equipment.cpp">
			<Option target="Release" />
		</Unit>
		<Unit filename="Equipment.hpp">
			<Option target="Release" />
		</Unit>
		<Unit filename="IniConfig.cpp">
			<Option target="Release" />
		</Unit>
		<Unit filename="IniConfig.hpp">
			<Option target="Release" />
		</Unit>
		<Unit filename="Loading.cpp" />
		<Unit filename="Loading.hpp" />
		<Unit filename="Network.cpp">
			<Option target="Release" />
		</Unit>
		<Unit filename="Network.hpp">
			<Option target="Release" />
		</Unit>
		<Unit filename="Saves.cpp">
			<Option target="Release" />
		</Unit>
		<Unit filename="Saves.hpp">
			<Option target="Release" />
		</Unit>
		<Unit filename="button.cpp">
			<Option target="Release" />
		</Unit>
		<Unit filename="button.hpp">
			<Option target="Release" />
		</Unit>
		<Unit filename="helper.cpp" />
		<Unit filename="helper.hpp" />
		<Unit filename="level.cpp">
			<Option target="Release" />
		</Unit>
		<Unit filename="level.hpp">
			<Option target="Release" />
		</Unit>
		<Unit filename="main.cpp" />
		<Unit filename="mode.hpp">
			<Option target="Release" />
		</Unit>
		<Unit filename="plot.cpp" />
		<Unit filename="plot.hpp" />
		<Unit filename="sezon.h" />
		<Unit filename="side.hpp" />
		<Extensions>
			<lib_finder disable_auto="1" />
		</Extensions>
	</Project>
</CodeBlocks_project_file>
